Microsoft Visual Studio Solution File, Format Version 12.00
# Visual Studio 2012
Project("{FAE04EC0-301F-11D3-BF4B-00C04F79EFBC}") = "SpaceInvadersAgain", "SpaceInvadersAgain.csproj", "{EFA660A2-0989-48FF-86F8-F36A702702B0}"
EndProject
Global
	GlobalSection(SolutionConfigurationPlatforms) = preSolution
	Debug|Any CPU = Debug|Any CPU
	ExportDebug|Any CPU = ExportDebug|Any CPU
	ExportRelease|Any CPU = ExportRelease|Any CPU
	EndGlobalSection
	GlobalSection(ProjectConfigurationPlatforms) = postSolution
		{EFA660A2-0989-48FF-86F8-F36A702702B0}.Debug|Any CPU.ActiveCfg = Debug|Any CPU
		{EFA660A2-0989-48FF-86F8-F36A702702B0}.Debug|Any CPU.Build.0 = Debug|Any CPU
		{EFA660A2-0989-48FF-86F8-F36A702702B0}.ExportDebug|Any CPU.ActiveCfg = ExportDebug|Any CPU
		{EFA660A2-0989-48FF-86F8-F36A702702B0}.ExportDebug|Any CPU.Build.0 = ExportDebug|Any CPU
		{EFA660A2-0989-48FF-86F8-F36A702702B0}.ExportRelease|Any CPU.ActiveCfg = ExportRelease|Any CPU
		{EFA660A2-0989-48FF-86F8-F36A702702B0}.ExportRelease|Any CPU.Build.0 = ExportRelease|Any CPU
	EndGlobalSection
EndGlobal
